// !$*UTF8*$!
{
	archiveVersion = 1;
	classes = {
	};
	objectVersion = 56;
	objects = {

/* Begin PBXBuildFile section */
		04349C2C0A632E03DE5F034E /* VersaQuickGame/Services/AppStore.swift in Sources */ = {isa = PBXBuildFile; fileRef = 739A8B077DDC2A4C37118115 /* VersaQuickGame/Services/AppStore.swift */; };
		0F77870FE29C8D01D4386455 /* VersaQuickGame/Assets.xcassets in Resources */ = {isa = PBXBuildFile; fileRef = D67382B3CC75D854EBDF8B94 /* VersaQuickGame/Assets.xcassets */; };
		12CEB22E7692B5BEAB6AAB9E /* VersaQuickGame/Views/AccountViews.swift in Sources */ = {isa = PBXBuildFile; fileRef = 33BD9D9C92C66928C236D058 /* VersaQuickGame/Views/AccountViews.swift */; };
		2B51D53084A02F731CBDDDC4 /* VersaQuickGame/Views/PlayView.swift in Sources */ = {isa = PBXBuildFile; fileRef = B3B2FCB8FE2DE53501CF80C0 /* VersaQuickGame/Views/PlayView.swift */; };
		2EC1EC76FB147C9C96D4261B /* VersaQuickGame/PrivacyInfo.xcprivacy in Resources */ = {isa = PBXBuildFile; fileRef = DAC4A2D8ECF31D1475B2724C /* VersaQuickGame/PrivacyInfo.xcprivacy */; };
		39BD2C05747063F66D7EE579 /* Supabase in Frameworks */ = {isa = PBXBuildFile; productRef = 07B77CDFEF533CD5BDEBB41F /* Supabase */; };
		3B7F37CA2087D69BB2E49922 /* VersaQuickGame/Services/DemoGameService.swift in Sources */ = {isa = PBXBuildFile; fileRef = EA593F7E35AF98191DF7CAEC /* VersaQuickGame/Services/DemoGameService.swift */; };
		52CA746A480E1BDB0EBA92D7 /* VersaQuickGame/Core/Models.swift in Sources */ = {isa = PBXBuildFile; fileRef = 70C0C66CE7A9FA4708AD6B80 /* VersaQuickGame/Core/Models.swift */; };
		56CFAE976A17023451FC7A20 /* VersaQuickGame/Views/GroupsView.swift in Sources */ = {isa = PBXBuildFile; fileRef = 61D8EA7D5B7E9901B6C1D000 /* VersaQuickGame/Views/GroupsView.swift */; };
		5DB47C565AB8D3D66C2E70F2 /* VersaQuickGame/Views/InviteJoinView.swift in Sources */ = {isa = PBXBuildFile; fileRef = CDA97B35309D865A15EF0C7A /* VersaQuickGame/Views/InviteJoinView.swift */; };
		778C0C3C531BAFDD4A87A0A5 /* VersaQuickGame/Views/HistorySummaryViews.swift in Sources */ = {isa = PBXBuildFile; fileRef = 70F593E213E8B7633A329F30 /* VersaQuickGame/Views/HistorySummaryViews.swift */; };
		973149384CB9C5D1FF82D0FA /* VersaQuickGame/Services/SupabaseGameService.swift in Sources */ = {isa = PBXBuildFile; fileRef = 37A7862AEF1070AA53984FBB /* VersaQuickGame/Services/SupabaseGameService.swift */; };
		99DC9AB31B5DE428705D4CD1 /* VersaQuickGame/VersaQuickGameApp.swift in Sources */ = {isa = PBXBuildFile; fileRef = 0A234D4FFA59C12328FBDCA9 /* VersaQuickGame/VersaQuickGameApp.swift */; };
		A549F33BD62640CDCE5DD33A /* VersaQuickGame/Views/Theme.swift in Sources */ = {isa = PBXBuildFile; fileRef = 64F6A2F68B1D615B35201359 /* VersaQuickGame/Views/Theme.swift */; };
		C07CEE9D73FB6B2F2CA84467 /* VersaQuickGame/Services/GameService.swift in Sources */ = {isa = PBXBuildFile; fileRef = 546671485F15936DC258C295 /* VersaQuickGame/Services/GameService.swift */; };
		E7C221BA63C514EA89F31164 /* VersaQuickGame/Views/GameDetailView.swift in Sources */ = {isa = PBXBuildFile; fileRef = 3B2C45C9C2F75A126CA2EA69 /* VersaQuickGame/Views/GameDetailView.swift */; };
/* End PBXBuildFile section */

/* Begin PBXFileReference section */
		0A234D4FFA59C12328FBDCA9 /* VersaQuickGame/VersaQuickGameApp.swift */ = {isa = PBXFileReference; lastKnownFileType = sourcecode.swift; path = VersaQuickGame/VersaQuickGameApp.swift; sourceTree = "<group>"; };
		33BD9D9C92C66928C236D058 /* VersaQuickGame/Views/AccountViews.swift */ = {isa = PBXFileReference; lastKnownFileType = sourcecode.swift; path = VersaQuickGame/Views/AccountViews.swift; sourceTree = "<group>"; };
		37A7862AEF1070AA53984FBB /* VersaQuickGame/Services/SupabaseGameService.swift */ = {isa = PBXFileReference; lastKnownFileType = sourcecode.swift; path = VersaQuickGame/Services/SupabaseGameService.swift; sourceTree = "<group>"; };
		38A007151ABE87CC01A5B6E9 /* VersaQuickGame.app */ = {isa = PBXFileReference; explicitFileType = wrapper.application; includeInIndex = 0; path = VersaQuickGame.app; sourceTree = BUILT_PRODUCTS_DIR; };
		3B2C45C9C2F75A126CA2EA69 /* VersaQuickGame/Views/GameDetailView.swift */ = {isa = PBXFileReference; lastKnownFileType = sourcecode.swift; path = VersaQuickGame/Views/GameDetailView.swift; sourceTree = "<group>"; };
		546671485F15936DC258C295 /* VersaQuickGame/Services/GameService.swift */ = {isa = PBXFileReference; lastKnownFileType = sourcecode.swift; path = VersaQuickGame/Services/GameService.swift; sourceTree = "<group>"; };
		61D8EA7D5B7E9901B6C1D000 /* VersaQuickGame/Views/GroupsView.swift */ = {isa = PBXFileReference; lastKnownFileType = sourcecode.swift; path = VersaQuickGame/Views/GroupsView.swift; sourceTree = "<group>"; };
		64F6A2F68B1D615B35201359 /* VersaQuickGame/Views/Theme.swift */ = {isa = PBXFileReference; lastKnownFileType = sourcecode.swift; path = VersaQuickGame/Views/Theme.swift; sourceTree = "<group>"; };
		70C0C66CE7A9FA4708AD6B80 /* VersaQuickGame/Core/Models.swift */ = {isa = PBXFileReference; lastKnownFileType = sourcecode.swift; path = VersaQuickGame/Core/Models.swift; sourceTree = "<group>"; };
		70F593E213E8B7633A329F30 /* VersaQuickGame/Views/HistorySummaryViews.swift */ = {isa = PBXFileReference; lastKnownFileType = sourcecode.swift; path = VersaQuickGame/Views/HistorySummaryViews.swift; sourceTree = "<group>"; };
		739A8B077DDC2A4C37118115 /* VersaQuickGame/Services/AppStore.swift */ = {isa = PBXFileReference; lastKnownFileType = sourcecode.swift; path = VersaQuickGame/Services/AppStore.swift; sourceTree = "<group>"; };
		B3B2FCB8FE2DE53501CF80C0 /* VersaQuickGame/Views/PlayView.swift */ = {isa = PBXFileReference; lastKnownFileType = sourcecode.swift; path = VersaQuickGame/Views/PlayView.swift; sourceTree = "<group>"; };
		CDA97B35309D865A15EF0C7A /* VersaQuickGame/Views/InviteJoinView.swift */ = {isa = PBXFileReference; lastKnownFileType = sourcecode.swift; path = VersaQuickGame/Views/InviteJoinView.swift; sourceTree = "<group>"; };
		D67382B3CC75D854EBDF8B94 /* VersaQuickGame/Assets.xcassets */ = {isa = PBXFileReference; lastKnownFileType = folder.assetcatalog; path = VersaQuickGame/Assets.xcassets; sourceTree = "<group>"; };
		DAC4A2D8ECF31D1475B2724C /* VersaQuickGame/PrivacyInfo.xcprivacy */ = {isa = PBXFileReference; lastKnownFileType = text.xml; path = VersaQuickGame/PrivacyInfo.xcprivacy; sourceTree = "<group>"; };
		E01A37539DD44DE20F00A582 /* Config/Base.xcconfig */ = {isa = PBXFileReference; lastKnownFileType = text.xcconfig; path = Config/Base.xcconfig; sourceTree = "<group>"; };
		EA593F7E35AF98191DF7CAEC /* VersaQuickGame/Services/DemoGameService.swift */ = {isa = PBXFileReference; lastKnownFileType = sourcecode.swift; path = VersaQuickGame/Services/DemoGameService.swift; sourceTree = "<group>"; };
/* End PBXFileReference section */

/* Begin PBXFrameworksBuildPhase section */
		7561BFB015D8F536760CB671 /* Frameworks */ = {
			isa = PBXFrameworksBuildPhase;
			buildActionMask = 2147483647;
			files = (
				39BD2C05747063F66D7EE579 /* Supabase in Frameworks */,
			);
			runOnlyForDeploymentPostprocessing = 0;
		};
/* End PBXFrameworksBuildPhase section */

/* Begin PBXGroup section */
		B28B7AF69320201D1CF206EB = {
			isa = PBXGroup;
			children = (
				70C0C66CE7A9FA4708AD6B80 /* VersaQuickGame/Core/Models.swift */,
				739A8B077DDC2A4C37118115 /* VersaQuickGame/Services/AppStore.swift */,
				EA593F7E35AF98191DF7CAEC /* VersaQuickGame/Services/DemoGameService.swift */,
				546671485F15936DC258C295 /* VersaQuickGame/Services/GameService.swift */,
				37A7862AEF1070AA53984FBB /* VersaQuickGame/Services/SupabaseGameService.swift */,
				0A234D4FFA59C12328FBDCA9 /* VersaQuickGame/VersaQuickGameApp.swift */,
				33BD9D9C92C66928C236D058 /* VersaQuickGame/Views/AccountViews.swift */,
				3B2C45C9C2F75A126CA2EA69 /* VersaQuickGame/Views/GameDetailView.swift */,
				61D8EA7D5B7E9901B6C1D000 /* VersaQuickGame/Views/GroupsView.swift */,
				70F593E213E8B7633A329F30 /* VersaQuickGame/Views/HistorySummaryViews.swift */,
				CDA97B35309D865A15EF0C7A /* VersaQuickGame/Views/InviteJoinView.swift */,
				B3B2FCB8FE2DE53501CF80C0 /* VersaQuickGame/Views/PlayView.swift */,
				64F6A2F68B1D615B35201359 /* VersaQuickGame/Views/Theme.swift */,
				D67382B3CC75D854EBDF8B94 /* VersaQuickGame/Assets.xcassets */,
				DAC4A2D8ECF31D1475B2724C /* VersaQuickGame/PrivacyInfo.xcprivacy */,
				E01A37539DD44DE20F00A582 /* Config/Base.xcconfig */,
				FBDC4F23F93125BBEEAE800C /* Products */,
			);
			sourceTree = "<group>";
		};
		FBDC4F23F93125BBEEAE800C /* Products */ = {
			isa = PBXGroup;
			children = (
				38A007151ABE87CC01A5B6E9 /* VersaQuickGame.app */,
			);
			name = Products;
			sourceTree = "<group>";
		};
/* End PBXGroup section */

/* Begin PBXNativeTarget section */
		0E8A3AD980EC179856012B7E /* VersaQuickGame */ = {
			isa = PBXNativeTarget;
			buildConfigurationList = 7DE97F2CECB2601227982F09 /* Build configuration list for PBXNativeTarget "VersaQuickGame" */;
			buildPhases = (
				BCE16DD0260827ECF338C787 /* Sources */,
				7561BFB015D8F536760CB671 /* Frameworks */,
				0189424A5A60FED329FA868E /* Resources */,
			);
			buildRules = (
			);
			dependencies = (
			);
			name = VersaQuickGame;
			packageProductDependencies = (
				07B77CDFEF533CD5BDEBB41F /* Supabase */,
			);
			productName = VersaQuickGame;
			productReference = 38A007151ABE87CC01A5B6E9 /* VersaQuickGame.app */;
			productType = "com.apple.product-type.application";
		};
/* End PBXNativeTarget section */

/* Begin PBXProject section */
		98F54143AB4E86B28C3AFEE0 /* Project object */ = {
			isa = PBXProject;
			attributes = {
				LastUpgradeCheck = 1630;
				TargetAttributes = {
					0E8A3AD980EC179856012B7E = {
						CreatedOnToolsVersion = 16.3;
					};
				};
			};
			buildConfigurationList = 6650A2B5E24FA7522CE6B81C /* Build configuration list for PBXProject "VersaQuickGame" */;
			compatibilityVersion = "Xcode 14.0";
			developmentRegion = en;
			hasScannedForEncodings = 0;
			knownRegions = (
				en,
				Base,
			);
			mainGroup = B28B7AF69320201D1CF206EB;
			packageReferences = (
				D69C3AEDFA58492604D62FDB /* XCRemoteSwiftPackageReference "supabase-swift" */,
			);
			productRefGroup = FBDC4F23F93125BBEEAE800C /* Products */;
			projectDirPath = "";
			projectRoot = "";
			targets = (
				0E8A3AD980EC179856012B7E /* VersaQuickGame */,
			);
		};
/* End PBXProject section */

/* Begin PBXResourcesBuildPhase section */
		0189424A5A60FED329FA868E /* Resources */ = {
			isa = PBXResourcesBuildPhase;
			buildActionMask = 2147483647;
			files = (
				0F77870FE29C8D01D4386455 /* VersaQuickGame/Assets.xcassets in Resources */,
				2EC1EC76FB147C9C96D4261B /* VersaQuickGame/PrivacyInfo.xcprivacy in Resources */,
			);
			runOnlyForDeploymentPostprocessing = 0;
		};
/* End PBXResourcesBuildPhase section */

/* Begin PBXSourcesBuildPhase section */
		BCE16DD0260827ECF338C787 /* Sources */ = {
			isa = PBXSourcesBuildPhase;
			buildActionMask = 2147483647;
			files = (
				52CA746A480E1BDB0EBA92D7 /* VersaQuickGame/Core/Models.swift in Sources */,
				04349C2C0A632E03DE5F034E /* VersaQuickGame/Services/AppStore.swift in Sources */,
				3B7F37CA2087D69BB2E49922 /* VersaQuickGame/Services/DemoGameService.swift in Sources */,
				C07CEE9D73FB6B2F2CA84467 /* VersaQuickGame/Services/GameService.swift in Sources */,
				973149384CB9C5D1FF82D0FA /* VersaQuickGame/Services/SupabaseGameService.swift in Sources */,
				99DC9AB31B5DE428705D4CD1 /* VersaQuickGame/VersaQuickGameApp.swift in Sources */,
				12CEB22E7692B5BEAB6AAB9E /* VersaQuickGame/Views/AccountViews.swift in Sources */,
				E7C221BA63C514EA89F31164 /* VersaQuickGame/Views/GameDetailView.swift in Sources */,
				56CFAE976A17023451FC7A20 /* VersaQuickGame/Views/GroupsView.swift in Sources */,
				778C0C3C531BAFDD4A87A0A5 /* VersaQuickGame/Views/HistorySummaryViews.swift in Sources */,
				5DB47C565AB8D3D66C2E70F2 /* VersaQuickGame/Views/InviteJoinView.swift in Sources */,
				2B51D53084A02F731CBDDDC4 /* VersaQuickGame/Views/PlayView.swift in Sources */,
				A549F33BD62640CDCE5DD33A /* VersaQuickGame/Views/Theme.swift in Sources */,
			);
			runOnlyForDeploymentPostprocessing = 0;
		};
/* End PBXSourcesBuildPhase section */

/* Begin XCBuildConfiguration section */
		00F209874A1F7309F6DCEAA7 /* Release */ = {
			isa = XCBuildConfiguration;
			buildSettings = {
				CLANG_ENABLE_MODULES = YES;
				CLANG_ENABLE_OBJC_ARC = YES;
			};
			name = Release;
		};
		1A6EFC2CD0AF63DD14BE0438 /* Release */ = {
			isa = XCBuildConfiguration;
			baseConfigurationReference = E01A37539DD44DE20F00A582 /* Config/Base.xcconfig */;
			buildSettings = {
				ASSETCATALOG_COMPILER_APPICON_NAME = AppIcon;
				CODE_SIGN_ENTITLEMENTS = VersaQuickGame/VersaQuickGame.entitlements;
				CODE_SIGN_STYLE = Automatic;
				CURRENT_PROJECT_VERSION = 1;
				ENABLE_USER_SCRIPT_SANDBOXING = YES;
				GENERATE_INFOPLIST_FILE = NO;
				INFOPLIST_FILE = VersaQuickGame/Info.plist;
				IPHONEOS_DEPLOYMENT_TARGET = 17.0;
				LD_RUNPATH_SEARCH_PATHS = (
					"$(inherited)",
					"@executable_path/Frameworks",
				);
				MARKETING_VERSION = 0.1.0;
				PRODUCT_NAME = "$(TARGET_NAME)";
				SDKROOT = iphoneos;
				SUPPORTED_PLATFORMS = "iphoneos iphonesimulator";
				SWIFT_EMIT_LOC_STRINGS = YES;
				SWIFT_OPTIMIZATION_LEVEL = "-O";
				SWIFT_VERSION = 5.0;
				TARGETED_DEVICE_FAMILY = 1;
			};
			name = Release;
		};
		4D8F54E7CBAF670D9F6C230D /* Debug */ = {
			isa = XCBuildConfiguration;
			baseConfigurationReference = E01A37539DD44DE20F00A582 /* Config/Base.xcconfig */;
			buildSettings = {
				ASSETCATALOG_COMPILER_APPICON_NAME = AppIcon;
				CODE_SIGN_ENTITLEMENTS = VersaQuickGame/VersaQuickGame.entitlements;
				CODE_SIGN_STYLE = Automatic;
				CURRENT_PROJECT_VERSION = 1;
				ENABLE_USER_SCRIPT_SANDBOXING = YES;
				GENERATE_INFOPLIST_FILE = NO;
				INFOPLIST_FILE = VersaQuickGame/Info.plist;
				IPHONEOS_DEPLOYMENT_TARGET = 17.0;
				LD_RUNPATH_SEARCH_PATHS = (
					"$(inherited)",
					"@executable_path/Frameworks",
				);
				MARKETING_VERSION = 0.1.0;
				ONLY_ACTIVE_ARCH = YES;
				PRODUCT_NAME = "$(TARGET_NAME)";
				SDKROOT = iphoneos;
				SUPPORTED_PLATFORMS = "iphoneos iphonesimulator";
				SWIFT_ACTIVE_COMPILATION_CONDITIONS = DEBUG;
				SWIFT_EMIT_LOC_STRINGS = YES;
				SWIFT_OPTIMIZATION_LEVEL = "-Onone";
				SWIFT_VERSION = 5.0;
				TARGETED_DEVICE_FAMILY = 1;
			};
			name = Debug;
		};
		ED8772ADEC3A6C25161BC957 /* Debug */ = {
			isa = XCBuildConfiguration;
			buildSettings = {
				CLANG_ENABLE_MODULES = YES;
				CLANG_ENABLE_OBJC_ARC = YES;
			};
			name = Debug;
		};
/* End XCBuildConfiguration section */

/* Begin XCConfigurationList section */
		6650A2B5E24FA7522CE6B81C /* Build configuration list for PBXProject "VersaQuickGame" */ = {
			isa = XCConfigurationList;
			buildConfigurations = (
				ED8772ADEC3A6C25161BC957 /* Debug */,
				00F209874A1F7309F6DCEAA7 /* Release */,
			);
			defaultConfigurationIsVisible = 0;
			defaultConfigurationName = Release;
		};
		7DE97F2CECB2601227982F09 /* Build configuration list for PBXNativeTarget "VersaQuickGame" */ = {
			isa = XCConfigurationList;
			buildConfigurations = (
				4D8F54E7CBAF670D9F6C230D /* Debug */,
				1A6EFC2CD0AF63DD14BE0438 /* Release */,
			);
			defaultConfigurationIsVisible = 0;
			defaultConfigurationName = Release;
		};
/* End XCConfigurationList section */

/* Begin XCRemoteSwiftPackageReference section */
		D69C3AEDFA58492604D62FDB /* XCRemoteSwiftPackageReference "supabase-swift" */ = {
			isa = XCRemoteSwiftPackageReference;
			repositoryURL = "https://github.com/supabase/supabase-swift.git";
			requirement = {
				kind = exactVersion;
				version = 2.55.2;
			};
			traits = (
			);
		};
/* End XCRemoteSwiftPackageReference section */

/* Begin XCSwiftPackageProductDependency section */
		07B77CDFEF533CD5BDEBB41F /* Supabase */ = {
			isa = XCSwiftPackageProductDependency;
			package = D69C3AEDFA58492604D62FDB /* XCRemoteSwiftPackageReference "supabase-swift" */;
			productName = Supabase;
		};
/* End XCSwiftPackageProductDependency section */
	};
	rootObject = 98F54143AB4E86B28C3AFEE0 /* Project object */;
}
